
Microsoft Visual Studio Solution File, Format Version 12.00
# Visual Studio Version 17
VisualStudioVersion = 17.10.35013.160
MinimumVisualStudioVersion = 10.0.40219.1
Project("{9A19103F-16F7-4668-BE54-9A1E7A4F7556}") = "TCS.TariffComparator.Api", "TCS.TariffComparator.Api\TCS.TariffComparator.Api.csproj", "{88681836-7A50-4ADA-9854-480BB9ACD478}"
EndProject
Project("{9A19103F-16F7-4668-BE54-9A1E7A4F7556}") = "TCS.TariffComparator.Models", "TCS.TariffComparator.Models\TCS.TariffComparator.Models.csproj", "{2F26E91B-0231-4320-BB95-B98FB1BFEA85}"
EndProject
Project("{9A19103F-16F7-4668-BE54-9A1E7A4F7556}") = "TCS.TariffComparator.Service", "TCS.TariffComparator.Services\TCS.TariffComparator.Service.csproj", "{DF946FC5-62D1-45B1-91A0-9FEF611827A3}"
EndProject
Project("{9A19103F-16F7-4668-BE54-9A1E7A4F7556}") = "TCS.TariffComparator.Test", "TCS.TariffComparator.Test\TCS.TariffComparator.Test.csproj", "{2F32E012-F351-4795-8893-FDC528DDA8D4}"
EndProject
Global
	GlobalSection(SolutionConfigurationPlatforms) = preSolution
		Debug|Any CPU = Debug|Any CPU
		Release|Any CPU = Release|Any CPU
	EndGlobalSection
	GlobalSection(ProjectConfigurationPlatforms) = postSolution
		{88681836-7A50-4ADA-9854-480BB9ACD478}.Debug|Any CPU.ActiveCfg = Debug|Any CPU
		{88681836-7A50-4ADA-9854-480BB9ACD478}.Debug|Any CPU.Build.0 = Debug|Any CPU
		{88681836-7A50-4ADA-9854-480BB9ACD478}.Release|Any CPU.ActiveCfg = Release|Any CPU
		{88681836-7A50-4ADA-9854-480BB9ACD478}.Release|Any CPU.Build.0 = Release|Any CPU
		{2F26E91B-0231-4320-BB95-B98FB1BFEA85}.Debug|Any CPU.ActiveCfg = Debug|Any CPU
		{2F26E91B-0231-4320-BB95-B98FB1BFEA85}.Debug|Any CPU.Build.0 = Debug|Any CPU
		{2F26E91B-0231-4320-BB95-B98FB1BFEA85}.Release|Any CPU.ActiveCfg = Release|Any CPU
		{2F26E91B-0231-4320-BB95-B98FB1BFEA85}.Release|Any CPU.Build.0 = Release|Any CPU
		{DF946FC5-62D1-45B1-91A0-9FEF611827A3}.Debug|Any CPU.ActiveCfg = Debug|Any CPU
		{DF946FC5-62D1-45B1-91A0-9FEF611827A3}.Debug|Any CPU.Build.0 = Debug|Any CPU
		{DF946FC5-62D1-45B1-91A0-9FEF611827A3}.Release|Any CPU.ActiveCfg = Release|Any CPU
		{DF946FC5-62D1-45B1-91A0-9FEF611827A3}.Release|Any CPU.Build.0 = Release|Any CPU
		{2F32E012-F351-4795-8893-FDC528DDA8D4}.Debug|Any CPU.ActiveCfg = Debug|Any CPU
		{2F32E012-F351-4795-8893-FDC528DDA8D4}.Debug|Any CPU.Build.0 = Debug|Any CPU
		{2F32E012-F351-4795-8893-FDC528DDA8D4}.Release|Any CPU.ActiveCfg = Release|Any CPU
		{2F32E012-F351-4795-8893-FDC528DDA8D4}.Release|Any CPU.Build.0 = Release|Any CPU
	EndGlobalSection
	GlobalSection(SolutionProperties) = preSolution
		HideSolutionNode = FALSE
	EndGlobalSection
	GlobalSection(ExtensibilityGlobals) = postSolution
		SolutionGuid = {F5C87E54-D9EF-4D83-9023-5A388BF4FDE5}
	EndGlobalSection
EndGlobal
